Microsoft Visual Studio Solution File, Format Version 12.00
# Visual Studio Version 17
VisualStudioVersion = 17.5.2.0
MinimumVisualStudioVersion = 10.0.40219.1
Project("{FAE04EC0-301F-11D3-BF4B-00C04F79EFBC}") = "KingdomFragmentation", "KingdomFragmentation\KingdomFragmentation.csproj", "{6D0F81BE-71B2-6D0B-5733-8E3BEA9C5053}"
EndProject
Global
	GlobalSection(SolutionConfigurationPlatforms) = preSolution
		Debug|Any CPU = Debug|Any CPU
		Release|Any CPU = Release|Any CPU
	EndGlobalSection
	GlobalSection(ProjectConfigurationPlatforms) = postSolution
		{6D0F81BE-71B2-6D0B-5733-8E3BEA9C5053}.Debug|Any CPU.ActiveCfg = Debug|Any CPU
		{6D0F81BE-71B2-6D0B-5733-8E3BEA9C5053}.Debug|Any CPU.Build.0 = Debug|Any CPU
		{6D0F81BE-71B2-6D0B-5733-8E3BEA9C5053}.Release|Any CPU.ActiveCfg = Release|Any CPU
		{6D0F81BE-71B2-6D0B-5733-8E3BEA9C5053}.Release|Any CPU.Build.0 = Release|Any CPU
	EndGlobalSection
	GlobalSection(SolutionProperties) = preSolution
		HideSolutionNode = FALSE
	EndGlobalSection
	GlobalSection(ExtensibilityGlobals) = postSolution
		SolutionGuid = {B9113A69-E429-4BE8-964C-D0CA38BF918A}
	EndGlobalSection
EndGlobal
